<?xml version="1.0" encoding="utf-8"?>
<Project ToolsVersion="4.0" xmlns="http://schemas.microsoft.com/developer/msbuild/2003">
  <ItemGroup>
    <Filter Include="ソース ファイル">
      <UniqueIdentifier>{4FC737F1-C7A5-4376-A066-2A32D752A2FF}</UniqueIdentifier>
      <Extensions>cpp;c;cc;cxx;def;odl;idl;hpj;bat;asm;asmx</Extensions>
    </Filter>
    <Filter Include="ヘッダー ファイル">
      <UniqueIdentifier>{93995380-89BD-4b04-88EB-625FBE52EBFB}</UniqueIdentifier>
      <Extensions>h;hh;hpp;hxx;hm;inl;inc;xsd</Extensions>
    </Filter>
    <Filter Include="リソース ファイル">
      <UniqueIdentifier>{67DA6AB6-F800-4c08-8B7A-83BB121AAD01}</UniqueIdentifier>
      <Extensions>rc;ico;cur;bmp;dlg;rc2;rct;bin;rgs;gif;jpg;jpeg;jpe;resx;tiff;tif;png;wav;mfcribbon-ms</Extensions>
    </Filter>
    <Filter Include="Shader">
      <UniqueIdentifier>{87550c01-a59e-4e3b-a10e-a0228d65925b}</UniqueIdentifier>
    </Filter>
    <Filter Include="ヘッダー ファイル\Graphic">
      <UniqueIdentifier>{26d9b41b-81b4-46ae-9036-a3b7836eefde}</UniqueIdentifier>
    </Filter>
    <Filter Include="ソース ファイル\Graphic">
      <UniqueIdentifier>{36f53525-02ab-431c-b4ea-e83eef42ae40}</UniqueIdentifier>
    </Filter>
    <Filter Include="ヘッダー ファイル\Game">
      <UniqueIdentifier>{fec6e644-2f2a-44ab-a219-96ef08c967d8}</UniqueIdentifier>
    </Filter>
    <Filter Include="ソース ファイル\Game">
      <UniqueIdentifier>{46bb50f9-4c7b-4c0d-a147-5ddeb27ba4de}</UniqueIdentifier>
    </Filter>
    <Filter Include="ヘッダー ファイル\Game\Seaquence">
      <UniqueIdentifier>{135747b6-53bb-4d35-9440-8b6747dab2a5}</UniqueIdentifier>
    </Filter>
    <Filter Include="ヘッダー ファイル\Game\GameSeaquence">
      <UniqueIdentifier>{713724a8-e3fc-4102-a6d5-81f2beadfccd}</UniqueIdentifier>
    </Filter>
    <Filter Include="ソース ファイル\Game\Seaquence">
      <UniqueIdentifier>{95831ee3-f64c-41ae-84d1-6928619fa13f}</UniqueIdentifier>
    </Filter>
    <Filter Include="ソース ファイル\Game\GameSeaquence">
      <UniqueIdentifier>{a25fdfa3-34e6-4b85-98e2-1d108d58c9a2}</UniqueIdentifier>
    </Filter>
    <Filter Include="ヘッダー ファイル\Game\Object">
      <UniqueIdentifier>{e214cf75-1c76-4c3c-b208-2bbe78601878}</UniqueIdentifier>
    </Filter>
    <Filter Include="ソース ファイル\Game\Obj">
      <UniqueIdentifier>{cbecb164-b14a-42c5-bbb1-327c4403aebc}</UniqueIdentifier>
    </Filter>
    <Filter Include="ヘッダー ファイル\Common">
      <UniqueIdentifier>{ec2ee91a-8420-4acc-832f-a3fd80578d84}</UniqueIdentifier>
    </Filter>
    <Filter Include="ソース ファイル\Common">
      <UniqueIdentifier>{82a56175-e640-4cec-8ba1-00de53da8441}</UniqueIdentifier>
    </Filter>
    <Filter Include="ソース ファイル\Graphic\Material">
      <UniqueIdentifier>{7d13919f-cd73-4d20-a1dd-be7e87e7edb1}</UniqueIdentifier>
    </Filter>
    <Filter Include="ヘッダー ファイル\Graphic\Material">
      <UniqueIdentifier>{4e8644ae-1f24-4bcd-87ee-d35ff1f86f1f}</UniqueIdentifier>
    </Filter>
    <Filter Include="ソース ファイル\Common\Controller">
      <UniqueIdentifier>{6c994f44-968c-40df-8c72-0effc27463ae}</UniqueIdentifier>
    </Filter>
    <Filter Include="ソース ファイル\Physics">
      <UniqueIdentifier>{0d54965f-4f73-4088-b661-a9fab50b6028}</UniqueIdentifier>
    </Filter>
    <Filter Include="ヘッダー ファイル\Common\Controller">
      <UniqueIdentifier>{bd1f6420-56b9-4bd9-bf31-49c4071f6a85}</UniqueIdentifier>
    </Filter>
    <Filter Include="ヘッダー ファイル\Physics">
      <UniqueIdentifier>{41716cc5-538a-49eb-a017-c80b50312a28}</UniqueIdentifier>
    </Filter>
  </ItemGroup>
  <ItemGroup>
    <ClCompile Include="Model.cpp">
      <Filter>ソース ファイル\Graphic</Filter>
    </ClCompile>
    <ClCompile Include="Shader.cpp">
      <Filter>ソース ファイル\Graphic</Filter>
    </ClCompile>
    <ClCompile Include="Title.cpp">
      <Filter>ソース ファイル\Game\Seaquence</Filter>
    </ClCompile>
    <ClCompile Include="Seaquence.cpp">
      <Filter>ソース ファイル\Game\Seaquence</Filter>
    </ClCompile>
    <ClCompile Include="GameSeaquence.cpp">
      <Filter>ソース ファイル\Game\GameSeaquence</Filter>
    </ClCompile>
    <ClCompile Include="Clear.cpp">
      <Filter>ソース ファイル\Game\GameSeaquence</Filter>
    </ClCompile>
    <ClCompile Include="SeaquenceController.cpp">
      <Filter>ソース ファイル\Game\Seaquence</Filter>
    </ClCompile>
    <ClCompile Include="DynamicObj.cpp">
      <Filter>ソース ファイル\Game\Obj</Filter>
    </ClCompile>
    <ClCompile Include="StaticObj.cpp">
      <Filter>ソース ファイル\Game\Obj</Filter>
    </ClCompile>
    <ClCompile Include="GoalObj.cpp">
      <Filter>ソース ファイル\Game\Obj</Filter>
    </ClCompile>
    <ClCompile Include="Play.cpp">
      <Filter>ソース ファイル\Game\GameSeaquence</Filter>
    </ClCompile>
    <ClCompile Include="Ready.cpp">
      <Filter>ソース ファイル\Game\GameSeaquence</Filter>
    </ClCompile>
    <ClCompile Include="Ending.cpp">
      <Filter>ソース ファイル\Game\Seaquence</Filter>
    </ClCompile>
    <ClCompile Include="GameOver.cpp">
      <Filter>ソース ファイル\Game\Seaquence</Filter>
    </ClCompile>
    <ClCompile Include="GameSeaquenceController.cpp">
      <Filter>ソース ファイル\Game\GameSeaquence</Filter>
    </ClCompile>
    <ClCompile Include="Failure.cpp">
      <Filter>ソース ファイル\Game\GameSeaquence</Filter>
    </ClCompile>
    <ClCompile Include="Pause.cpp">
      <Filter>ソース ファイル\Game\GameSeaquence</Filter>
    </ClCompile>
    <ClCompile Include="Window.cpp">
      <Filter>ソース ファイル\Common</Filter>
    </ClCompile>
    <ClCompile Include="main.cpp">
      <Filter>ソース ファイル\Common</Filter>
    </ClCompile>
    <ClCompile Include="Texture.cpp">
      <Filter>ソース ファイル\Graphic</Filter>
    </ClCompile>
    <ClCompile Include="Material.cpp">
      <Filter>ソース ファイル\Graphic\Material</Filter>
    </ClCompile>
    <ClCompile Include="SimpleImageMaterial.cpp">
      <Filter>ソース ファイル\Graphic\Material</Filter>
    </ClCompile>
    <ClCompile Include="Rect.cpp">
      <Filter>ソース ファイル\Graphic</Filter>
    </ClCompile>
    <ClCompile Include="TrackBall.cpp">
      <Filter>ソース ファイル\Common\Controller</Filter>
    </ClCompile>
    <ClCompile Include="InputManager.cpp">
      <Filter>ソース ファイル\Common\Controller</Filter>
    </ClCompile>
    <ClCompile Include="State.cpp">
      <Filter>ソース ファイル\Game\Seaquence</Filter>
    </ClCompile>
    <ClCompile Include="Ground.cpp">
      <Filter>ソース ファイル\Game\Obj</Filter>
    </ClCompile>
    <ClCompile Include="Player.cpp">
      <Filter>ソース ファイル\Game\Obj</Filter>
    </ClCompile>
    <ClCompile Include="SphereObject.cpp">
      <Filter>ソース ファイル\Game\Obj</Filter>
    </ClCompile>
    <ClCompile Include="ShapeObject.cpp">
      <Filter>ソース ファイル\Physics</Filter>
    </ClCompile>
    <ClCompile Include="ConvexMesh.cpp">
      <Filter>ソース ファイル\Physics</Filter>
    </ClCompile>
    <ClCompile Include="Physics.cpp">
      <Filter>ソース ファイル\Physics</Filter>
    </ClCompile>
  </ItemGroup>
  <ItemGroup>
    <ClInclude Include="Buffer.h">
      <Filter>ヘッダー ファイル\Graphic</Filter>
    </ClInclude>
    <ClInclude Include="BufferBase.h">
      <Filter>ヘッダー ファイル\Graphic</Filter>
    </ClInclude>
    <ClInclude Include="Model.h">
      <Filter>ヘッダー ファイル\Graphic</Filter>
    </ClInclude>
    <ClInclude Include="Matrix.h">
      <Filter>ヘッダー ファイル\Graphic</Filter>
    </ClInclude>
    <ClInclude Include="RefCounter.h">
      <Filter>ヘッダー ファイル\Graphic</Filter>
    </ClInclude>
    <ClInclude Include="ShapeElements.h">
      <Filter>ヘッダー ファイル\Graphic</Filter>
    </ClInclude>
    <ClInclude Include="ShapePoints.h">
      <Filter>ヘッダー ファイル\Graphic</Filter>
    </ClInclude>
    <ClInclude Include="ShapeTriangle.h">
      <Filter>ヘッダー ファイル\Graphic</Filter>
    </ClInclude>
    <ClInclude Include="Shader.h">
      <Filter>ヘッダー ファイル\Graphic</Filter>
    </ClInclude>
    <ClInclude Include="Boot.h">
      <Filter>ヘッダー ファイル\Game</Filter>
    </ClInclude>
    <ClInclude Include="Title.h">
      <Filter>ヘッダー ファイル\Game\Seaquence</Filter>
    </ClInclude>
    <ClInclude Include="Seaquence.h">
      <Filter>ヘッダー ファイル\Game\Seaquence</Filter>
    </ClInclude>
    <ClInclude Include="GameSeaquence.h">
      <Filter>ヘッダー ファイル\Game\GameSeaquence</Filter>
    </ClInclude>
    <ClInclude Include="DynamicObj.h">
      <Filter>ヘッダー ファイル\Game\Object</Filter>
    </ClInclude>
    <ClInclude Include="StaticObj.h">
      <Filter>ヘッダー ファイル\Game\Object</Filter>
    </ClInclude>
    <ClInclude Include="GoalObj.h">
      <Filter>ヘッダー ファイル\Game\Object</Filter>
    </ClInclude>
    <ClInclude Include="State.h">
      <Filter>ヘッダー ファイル\Game</Filter>
    </ClInclude>
    <ClInclude Include="SeaquenceController.h">
      <Filter>ヘッダー ファイル\Game\Seaquence</Filter>
    </ClInclude>
    <ClInclude Include="Play.h">
      <Filter>ヘッダー ファイル\Game\GameSeaquence</Filter>
    </ClInclude>
    <ClInclude Include="GameSeaquenceController.h">
      <Filter>ヘッダー ファイル\Game\GameSeaquence</Filter>
    </ClInclude>
    <ClInclude Include="Ready.h">
      <Filter>ヘッダー ファイル\Game\GameSeaquence</Filter>
    </ClInclude>
    <ClInclude Include="GameOver.h">
      <Filter>ヘッダー ファイル\Game\Seaquence</Filter>
    </ClInclude>
    <ClInclude Include="Ending.h">
      <Filter>ヘッダー ファイル\Game\Seaquence</Filter>
    </ClInclude>
    <ClInclude Include="Clear.h">
      <Filter>ヘッダー ファイル\Game\GameSeaquence</Filter>
    </ClInclude>
    <ClInclude Include="Failure.h">
      <Filter>ヘッダー ファイル\Game\GameSeaquence</Filter>
    </ClInclude>
    <ClInclude Include="Pause.h">
      <Filter>ヘッダー ファイル\Game\GameSeaquence</Filter>
    </ClInclude>
    <ClInclude Include="Window.h">
      <Filter>ヘッダー ファイル\Common</Filter>
    </ClInclude>
    <ClInclude Include="Commonheader.h">
      <Filter>ヘッダー ファイル\Common</Filter>
    </ClInclude>
    <ClInclude Include="Texture.h">
      <Filter>ヘッダー ファイル\Graphic</Filter>
    </ClInclude>
    <ClInclude Include="SimpleImageMaterial.h">
      <Filter>ヘッダー ファイル\Graphic\Material</Filter>
    </ClInclude>
    <ClInclude Include="Rect.h">
      <Filter>ヘッダー ファイル\Graphic</Filter>
    </ClInclude>
    <ClInclude Include="Material.h">
      <Filter>ヘッダー ファイル\Graphic\Material</Filter>
    </ClInclude>
    <ClInclude Include="Ground.h">
      <Filter>ヘッダー ファイル\Game\Object</Filter>
    </ClInclude>
    <ClInclude Include="Light.h">
      <Filter>ヘッダー ファイル\Graphic</Filter>
    </ClInclude>
    <ClInclude Include="Player.h">
      <Filter>ヘッダー ファイル\Game\Object</Filter>
    </ClInclude>
    <ClInclude Include="Quaternion.h">
      <Filter>ヘッダー ファイル\Common</Filter>
    </ClInclude>
    <ClInclude Include="SphereObject.h">
      <Filter>ヘッダー ファイル\Game\Object</Filter>
    </ClInclude>
    <ClInclude Include="ShapeObject.h">
      <Filter>ヘッダー ファイル\Physics</Filter>
    </ClInclude>
    <ClInclude Include="TrackBall.h">
      <Filter>ヘッダー ファイル\Common\Controller</Filter>
    </ClInclude>
    <ClInclude Include="InputManager.h">
      <Filter>ヘッダー ファイル\Common\Controller</Filter>
    </ClInclude>
    <ClInclude Include="PhysicsMathBase.h">
      <Filter>ヘッダー ファイル\Physics</Filter>
    </ClInclude>
    <ClInclude Include="ConvexMesh.h">
      <Filter>ヘッダー ファイル\Physics</Filter>
    </ClInclude>
    <ClInclude Include="Collider.h">
      <Filter>ヘッダー ファイル\Physics</Filter>
    </ClInclude>
    <ClInclude Include="PhysicsShape.h">
      <Filter>ヘッダー ファイル\Physics</Filter>
    </ClInclude>
    <ClInclude Include="Physics.h">
      <Filter>ヘッダー ファイル</Filter>
    </ClInclude>
    <ClInclude Include="PhysicsState.h">
      <Filter>ヘッダー ファイル\Physics</Filter>
    </ClInclude>
    <ClInclude Include="RigidBodyElements.h">
      <Filter>ヘッダー ファイル\Physics</Filter>
    </ClInclude>
    <ClInclude Include="PhysicsInclude.h">
      <Filter>ヘッダー ファイル\Physics</Filter>
    </ClInclude>
  </ItemGroup>
  <ItemGroup>
    <None Include="packages.config" />
    <None Include="lambert.vert">
      <Filter>Shader</Filter>
    </None>
    <None Include="lambert.frag">
      <Filter>Shader</Filter>
    </None>
    <None Include="simpleTex.vert">
      <Filter>Shader</Filter>
    </None>
    <None Include="simpleTex.frag">
      <Filter>Shader</Filter>
    </None>
    <None Include="Tile.vert">
      <Filter>Shader</Filter>
    </None>
    <None Include="Tile.frag">
      <Filter>Shader</Filter>
    </None>
  </ItemGroup>
</Project>